
Microsoft Visual Studio Solution File, Format Version 12.00
# Visual Studio Version 17
VisualStudioVersion = 17.6.33717.318
MinimumVisualStudioVersion = 10.0.40219.1
Project("{9A19103F-16F7-4668-BE54-9A1E7A4F7556}") = "O365Automation", "O365Automation\O365Automation.csproj", "{26427537-88D3-43AD-9811-6ED407DA0E39}"
EndProject
Project("{9A19103F-16F7-4668-BE54-9A1E7A4F7556}") = "O365Automation.Tests", "O365Automation.Tests\O365Automation.Tests.csproj", "{B6CE2CBB-D8DD-4F3A-8AA6-B23E42DFEA47}"
EndProject
Project("{2150E333-8FDC-42A3-9474-1A3956D46DE8}") = "Solution Items", "Solution Items", "{84A1E039-8C86-43C1-A41B-230C4173A5AC}"
	ProjectSection(SolutionItems) = preProject
		azure-pipelines.yml = azure-pipelines.yml
		Dockerfile = Dockerfile
		README.md = README.md
	EndProjectSection
EndProject
Global
	GlobalSection(SolutionConfigurationPlatforms) = preSolution
		Debug|Any CPU = Debug|Any CPU
		Debug|x64 = Debug|x64
		Debug|x86 = Debug|x86
		Release|Any CPU = Release|Any CPU
		Release|x64 = Release|x64
		Release|x86 = Release|x86
	EndGlobalSection
	GlobalSection(ProjectConfigurationPlatforms) = postSolution
		{26427537-88D3-43AD-9811-6ED407DA0E39}.Debug|Any CPU.ActiveCfg = Debug|Any CPU
		{26427537-88D3-43AD-9811-6ED407DA0E39}.Debug|Any CPU.Build.0 = Debug|Any CPU
		{26427537-88D3-43AD-9811-6ED407DA0E39}.Debug|x64.ActiveCfg = Debug|Any CPU
		{26427537-88D3-43AD-9811-6ED407DA0E39}.Debug|x64.Build.0 = Debug|Any CPU
		{26427537-88D3-43AD-9811-6ED407DA0E39}.Debug|x86.ActiveCfg = Debug|Any CPU
		{26427537-88D3-43AD-9811-6ED407DA0E39}.Debug|x86.Build.0 = Debug|Any CPU
		{26427537-88D3-43AD-9811-6ED407DA0E39}.Release|Any CPU.ActiveCfg = Release|Any CPU
		{26427537-88D3-43AD-9811-6ED407DA0E39}.Release|Any CPU.Build.0 = Release|Any CPU
		{26427537-88D3-43AD-9811-6ED407DA0E39}.Release|x64.ActiveCfg = Release|Any CPU
		{26427537-88D3-43AD-9811-6ED407DA0E39}.Release|x64.Build.0 = Release|Any CPU
		{26427537-88D3-43AD-9811-6ED407DA0E39}.Release|x86.ActiveCfg = Release|Any CPU
		{26427537-88D3-43AD-9811-6ED407DA0E39}.Release|x86.Build.0 = Release|Any CPU
		{B6CE2CBB-D8DD-4F3A-8AA6-B23E42DFEA47}.Debug|Any CPU.ActiveCfg = Debug|Any CPU
		{B6CE2CBB-D8DD-4F3A-8AA6-B23E42DFEA47}.Debug|Any CPU.Build.0 = Debug|Any CPU
		{B6CE2CBB-D8DD-4F3A-8AA6-B23E42DFEA47}.Debug|x64.ActiveCfg = Debug|Any CPU
		{B6CE2CBB-D8DD-4F3A-8AA6-B23E42DFEA47}.Debug|x64.Build.0 = Debug|Any CPU
		{B6CE2CBB-D8DD-4F3A-8AA6-B23E42DFEA47}.Debug|x86.ActiveCfg = Debug|Any CPU
		{B6CE2CBB-D8DD-4F3A-8AA6-B23E42DFEA47}.Debug|x86.Build.0 = Debug|Any CPU
		{B6CE2CBB-D8DD-4F3A-8AA6-B23E42DFEA47}.Release|Any CPU.ActiveCfg = Release|Any CPU
		{B6CE2CBB-D8DD-4F3A-8AA6-B23E42DFEA47}.Release|Any CPU.Build.0 = Release|Any CPU
		{B6CE2CBB-D8DD-4F3A-8AA6-B23E42DFEA47}.Release|x64.ActiveCfg = Release|Any CPU
		{B6CE2CBB-D8DD-4F3A-8AA6-B23E42DFEA47}.Release|x64.Build.0 = Release|Any CPU
		{B6CE2CBB-D8DD-4F3A-8AA6-B23E42DFEA47}.Release|x86.ActiveCfg = Release|Any CPU
		{B6CE2CBB-D8DD-4F3A-8AA6-B23E42DFEA47}.Release|x86.Build.0 = Release|Any CPU
	EndGlobalSection
	GlobalSection(SolutionProperties) = preSolution
		HideSolutionNode = FALSE
	EndGlobalSection
	GlobalSection(ExtensibilityGlobals) = postSolution
		SolutionGuid = {E9B9DE06-B7FA-4C5C-8E1E-D73BA4481433}
	EndGlobalSection
EndGlobal
